
Microsoft Visual Studio Solution File, Format Version 12.00
# Visual Studio Version 17
VisualStudioVersion = 17.0.32014.148
MinimumVisualStudioVersion = 10.0.40219.1
Project("{FAE04EC0-301F-11D3-BF4B-00C04F79EFBC}") = "OOP2", "OOP2\OOP2.csproj", "{157C2C03-C779-4848-BECA-75613888CD81}"
EndProject
Global
	GlobalSection(SolutionConfigurationPlatforms) = preSolution
		Debug|Any CPU = Debug|Any CPU
		Release|Any CPU = Release|Any CPU
	EndGlobalSection
	GlobalSection(ProjectConfigurationPlatforms) = postSolution
		{157C2C03-C779-4848-BECA-75613888CD81}.Debug|Any CPU.ActiveCfg = Debug|Any CPU
		{157C2C03-C779-4848-BECA-75613888CD81}.Debug|Any CPU.Build.0 = Debug|Any CPU
		{157C2C03-C779-4848-BECA-75613888CD81}.Release|Any CPU.ActiveCfg = Release|Any CPU
		{157C2C03-C779-4848-BECA-75613888CD81}.Release|Any CPU.Build.0 = Release|Any CPU
	EndGlobalSection
	GlobalSection(SolutionProperties) = preSolution
		HideSolutionNode = FALSE
	EndGlobalSection
	GlobalSection(ExtensibilityGlobals) = postSolution
		SolutionGuid = {04B47B7B-B941-48F7-86FC-58F29ED6056E}
	EndGlobalSection
EndGlobal
